
Microsoft Visual Studio Solution File, Format Version 12.00
# Visual Studio 15
VisualStudioVersion = 15.0.28307.168
MinimumVisualStudioVersion = 10.0.40219.1
Project("{FAE04EC0-301F-11D3-BF4B-00C04F79EFBC}") = "Programmering 1 - Mod 4 - Slutprojekt", "Programmering 1 - Mod 4 - Slutprojekt\Programmering 1 - Mod 4 - Slutprojekt.csproj", "{1ED47121-C3AB-48DD-B939-08A78F638916}"
EndProject
Global
	GlobalSection(SolutionConfigurationPlatforms) = preSolution
		Debug|Any CPU = Debug|Any CPU
		Release|Any CPU = Release|Any CPU
	EndGlobalSection
	GlobalSection(ProjectConfigurationPlatforms) = postSolution
		{1ED47121-C3AB-48DD-B939-08A78F638916}.Debug|Any CPU.ActiveCfg = Debug|Any CPU
		{1ED47121-C3AB-48DD-B939-08A78F638916}.Debug|Any CPU.Build.0 = Debug|Any CPU
		{1ED47121-C3AB-48DD-B939-08A78F638916}.Release|Any CPU.ActiveCfg = Release|Any CPU
		{1ED47121-C3AB-48DD-B939-08A78F638916}.Release|Any CPU.Build.0 = Release|Any CPU
	EndGlobalSection
	GlobalSection(SolutionProperties) = preSolution
		HideSolutionNode = FALSE
	EndGlobalSection
	GlobalSection(ExtensibilityGlobals) = postSolution
		SolutionGuid = {BD7C2C25-CFBE-4009-8294-7EBA5B06B29B}
	EndGlobalSection
EndGlobal
